
Microsoft Visual Studio Solution File, Format Version 12.00
# Visual Studio 15
VisualStudioVersion = 15.0.28307.572
MinimumVisualStudioVersion = 10.0.40219.1
Project("{FAE04EC0-301F-11D3-BF4B-00C04F79EFBC}") = "MongoDbAggregationTest", "MongoDbAggregationTest\MongoDbAggregationTest.csproj", "{893FDFDD-7E5A-421D-AAA1-BDCD344828CC}"
EndProject
Global
	GlobalSection(SolutionConfigurationPlatforms) = preSolution
		Debug|Any CPU = Debug|Any CPU
		Release|Any CPU = Release|Any CPU
	EndGlobalSection
	GlobalSection(ProjectConfigurationPlatforms) = postSolution
		{893FDFDD-7E5A-421D-AAA1-BDCD344828CC}.Debug|Any CPU.ActiveCfg = Debug|Any CPU
		{893FDFDD-7E5A-421D-AAA1-BDCD344828CC}.Debug|Any CPU.Build.0 = Debug|Any CPU
		{893FDFDD-7E5A-421D-AAA1-BDCD344828CC}.Release|Any CPU.ActiveCfg = Release|Any CPU
		{893FDFDD-7E5A-421D-AAA1-BDCD344828CC}.Release|Any CPU.Build.0 = Release|Any CPU
	EndGlobalSection
	GlobalSection(SolutionProperties) = preSolution
		HideSolutionNode = FALSE
	EndGlobalSection
	GlobalSection(ExtensibilityGlobals) = postSolution
		SolutionGuid = {A7224FCA-2892-4C1D-BA9C-32E7639C5D23}
	EndGlobalSection
EndGlobal
